// !$*UTF8*$!
{
	archiveVersion = 1;
	classes = {
	};
	objectVersion = 56;
	objects = {

/* Begin PBXBuildFile section */
		2D058F702C6FF1BD00A3F293 /* FileImporterView.swift in Sources */ = {isa = PBXBuildFile; fileRef = 2D058F6F2C6FF1BD00A3F293 /* FileImporterView.swift */; };
		2D07AD372C66A35A0000EF7E /* GroupView.swift in Sources */ = {isa = PBXBuildFile; fileRef = 2D07AD362C66A35A0000EF7E /* GroupView.swift */; };
		2D07AD392C6BBD430000EF7E /* YearPicker.swift in Sources */ = {isa = PBXBuildFile; fileRef = 2D07AD382C6BBD430000EF7E /* YearPicker.swift */; };
		2D5CC4DE2C5D847C00AD81D0 /* AddPlayerFormView.swift in Sources */ = {isa = PBXBuildFile; fileRef = 2D5CC4DD2C5D847C00AD81D0 /* AddPlayerFormView.swift */; };
		2D5CC4E02C5D84A800AD81D0 /* PlayerDetailView.swift in Sources */ = {isa = PBXBuildFile; fileRef = 2D5CC4DF2C5D84A800AD81D0 /* PlayerDetailView.swift */; };
		2D5CC4E22C5D84ED00AD81D0 /* EditPlayerFormView.swift in Sources */ = {isa = PBXBuildFile; fileRef = 2D5CC4E12C5D84ED00AD81D0 /* EditPlayerFormView.swift */; };
		2D5CC4E42C5D8EB400AD81D0 /* AttendaceFormView.swift in Sources */ = {isa = PBXBuildFile; fileRef = 2D5CC4E32C5D8EB400AD81D0 /* AttendaceFormView.swift */; };
		2D5CC4E62C61C71F00AD81D0 /* Utilities.swift in Sources */ = {isa = PBXBuildFile; fileRef = 2D5CC4E52C61C71F00AD81D0 /* Utilities.swift */; };
		2DF73E1A2C45EA3200EE1632 /* PTCGLeagueManagerApp.swift in Sources */ = {isa = PBXBuildFile; fileRef = 2DF73E192C45EA3200EE1632 /* PTCGLeagueManagerApp.swift */; };
		2DF73E1C2C45EA3200EE1632 /* ContentView.swift in Sources */ = {isa = PBXBuildFile; fileRef = 2DF73E1B2C45EA3200EE1632 /* ContentView.swift */; };
		2DF73E1E2C45EA3300EE1632 /* Assets.xcassets in Resources */ = {isa = PBXBuildFile; fileRef = 2DF73E1D2C45EA3300EE1632 /* Assets.xcassets */; };
		2DF73E212C45EA3300EE1632 /* Preview Assets.xcassets in Resources */ = {isa = PBXBuildFile; fileRef = 2DF73E202C45EA3300EE1632 /* Preview Assets.xcassets */; };
/* End PBXBuildFile section */

/* Begin PBXFileReference section */
		2D058F6F2C6FF1BD00A3F293 /* FileImporterView.swift */ = {isa = PBXFileReference; lastKnownFileType = sourcecode.swift; path = FileImporterView.swift; sourceTree = "<group>"; };
		2D07AD362C66A35A0000EF7E /* GroupView.swift */ = {isa = PBXFileReference; lastKnownFileType = sourcecode.swift; path = GroupView.swift; sourceTree = "<group>"; };
		2D07AD382C6BBD430000EF7E /* YearPicker.swift */ = {isa = PBXFileReference; lastKnownFileType = sourcecode.swift; path = YearPicker.swift; sourceTree = "<group>"; };
		2D354B562C715AA100499F31 /* .gitignore */ = {isa = PBXFileReference; lastKnownFileType = text; path = .gitignore; sourceTree = "<group>"; };
		2D354B572C715B3D00499F31 /* YearPicker.swift */ = {isa = PBXFileReference; lastKnownFileType = sourcecode.swift; path = YearPicker.swift; sourceTree = "<group>"; };
		2D354B582C715B3D00499F31 /* Assets.xcassets */ = {isa = PBXFileReference; lastKnownFileType = folder.assetcatalog; path = Assets.xcassets; sourceTree = "<group>"; };
		2D354B592C715B3D00499F31 /* GroupView.swift */ = {isa = PBXFileReference; lastKnownFileType = sourcecode.swift; path = GroupView.swift; sourceTree = "<group>"; };
		2D354B5A2C715B3D00499F31 /* AttendaceFormView.swift */ = {isa = PBXFileReference; lastKnownFileType = sourcecode.swift; path = AttendaceFormView.swift; sourceTree = "<group>"; };
		2D354B5B2C715B3D00499F31 /* EditPlayerFormView.swift */ = {isa = PBXFileReference; lastKnownFileType = sourcecode.swift; path = EditPlayerFormView.swift; sourceTree = "<group>"; };
		2D354B5C2C715B3D00499F31 /* FileImporterView.swift */ = {isa = PBXFileReference; lastKnownFileType = sourcecode.swift; path = FileImporterView.swift; sourceTree = "<group>"; };
		2D354B5D2C715B3D00499F31 /* ContentView.swift */ = {isa = PBXFileReference; lastKnownFileType = sourcecode.swift; path = ContentView.swift; sourceTree = "<group>"; };
		2D354B5E2C715B3D00499F31 /* PlayerDetailView.swift */ = {isa = PBXFileReference; lastKnownFileType = sourcecode.swift; path = PlayerDetailView.swift; sourceTree = "<group>"; };
		2D354B5F2C715B3D00499F31 /* AddPlayerFormView.swift */ = {isa = PBXFileReference; lastKnownFileType = sourcecode.swift; path = AddPlayerFormView.swift; sourceTree = "<group>"; };
		2D354B602C715B3D00499F31 /* Utilities.swift */ = {isa = PBXFileReference; lastKnownFileType = sourcecode.swift; path = Utilities.swift; sourceTree = "<group>"; };
		2D354B612C715B3D00499F31 /* PTCGLeagueManagerApp.swift */ = {isa = PBXFileReference; lastKnownFileType = sourcecode.swift; path = PTCGLeagueManagerApp.swift; sourceTree = "<group>"; };
		2D354B632C715B3D00499F31 /* Preview Assets.xcassets */ = {isa = PBXFileReference; lastKnownFileType = folder.assetcatalog; path = "Preview Assets.xcassets"; sourceTree = "<group>"; };
		2D5CC4DD2C5D847C00AD81D0 /* AddPlayerFormView.swift */ = {isa = PBXFileReference; lastKnownFileType = sourcecode.swift; path = AddPlayerFormView.swift; sourceTree = "<group>"; };
		2D5CC4DF2C5D84A800AD81D0 /* PlayerDetailView.swift */ = {isa = PBXFileReference; lastKnownFileType = sourcecode.swift; path = PlayerDetailView.swift; sourceTree = "<group>"; };
		2D5CC4E12C5D84ED00AD81D0 /* EditPlayerFormView.swift */ = {isa = PBXFileReference; lastKnownFileType = sourcecode.swift; path = EditPlayerFormView.swift; sourceTree = "<group>"; };
		2D5CC4E32C5D8EB400AD81D0 /* AttendaceFormView.swift */ = {isa = PBXFileReference; lastKnownFileType = sourcecode.swift; path = AttendaceFormView.swift; sourceTree = "<group>"; };
		2D5CC4E52C61C71F00AD81D0 /* Utilities.swift */ = {isa = PBXFileReference; lastKnownFileType = sourcecode.swift; path = Utilities.swift; sourceTree = "<group>"; };
		2DF73E162C45EA3200EE1632 /* PTCGLeagueManager.app */ = {isa = PBXFileReference; explicitFileType = wrapper.application; includeInIndex = 0; path = PTCGLeagueManager.app; sourceTree = BUILT_PRODUCTS_DIR; };
		2DF73E192C45EA3200EE1632 /* PTCGLeagueManagerApp.swift */ = {isa = PBXFileReference; lastKnownFileType = sourcecode.swift; path = PTCGLeagueManagerApp.swift; sourceTree = "<group>"; };
		2DF73E1B2C45EA3200EE1632 /* ContentView.swift */ = {isa = PBXFileReference; lastKnownFileType = sourcecode.swift; path = ContentView.swift; sourceTree = "<group>"; };
		2DF73E1D2C45EA3300EE1632 /* Assets.xcassets */ = {isa = PBXFileReference; lastKnownFileType = folder.assetcatalog; path = Assets.xcassets; sourceTree = "<group>"; };
		2DF73E202C45EA3300EE1632 /* Preview Assets.xcassets */ = {isa = PBXFileReference; lastKnownFileType = folder.assetcatalog; path = "Preview Assets.xcassets"; sourceTree = "<group>"; };
/* End PBXFileReference section */

/* Begin PBXFrameworksBuildPhase section */
		2DF73E132C45EA3200EE1632 /* Frameworks */ = {
			isa = PBXFrameworksBuildPhase;
			buildActionMask = 2147483647;
			files = (
			);
			runOnlyForDeploymentPostprocessing = 0;
		};
/* End PBXFrameworksBuildPhase section */

/* Begin PBXGroup section */
		2D354B622C715B3D00499F31 /* Preview Content */ = {
			isa = PBXGroup;
			children = (
				2D354B632C715B3D00499F31 /* Preview Assets.xcassets */,
			);
			path = "Preview Content";
			sourceTree = "<group>";
		};
		2DF73E0D2C45EA3200EE1632 = {
			isa = PBXGroup;
			children = (
				2D354B5C2C715B3D00499F31 /* FileImporterView.swift */,
				2D354B572C715B3D00499F31 /* YearPicker.swift */,
				2D354B612C715B3D00499F31 /* PTCGLeagueManagerApp.swift */,
				2D354B5D2C715B3D00499F31 /* ContentView.swift */,
				2D354B602C715B3D00499F31 /* Utilities.swift */,
				2D354B5A2C715B3D00499F31 /* AttendaceFormView.swift */,
				2D354B5B2C715B3D00499F31 /* EditPlayerFormView.swift */,
				2D354B5E2C715B3D00499F31 /* PlayerDetailView.swift */,
				2D354B5F2C715B3D00499F31 /* AddPlayerFormView.swift */,
				2D354B592C715B3D00499F31 /* GroupView.swift */,
				2D354B582C715B3D00499F31 /* Assets.xcassets */,
				2D354B622C715B3D00499F31 /* Preview Content */,
				2D354B562C715AA100499F31 /* .gitignore */,
				2DF73E182C45EA3200EE1632 /* PTCGLeagueManager */,
				2DF73E172C45EA3200EE1632 /* Products */,
			);
			sourceTree = "<group>";
		};
		2DF73E172C45EA3200EE1632 /* Products */ = {
			isa = PBXGroup;
			children = (
				2DF73E162C45EA3200EE1632 /* PTCGLeagueManager.app */,
			);
			name = Products;
			sourceTree = "<group>";
		};
		2DF73E182C45EA3200EE1632 /* PTCGLeagueManager */ = {
			isa = PBXGroup;
			children = (
				2D058F6F2C6FF1BD00A3F293 /* FileImporterView.swift */,
				2D07AD382C6BBD430000EF7E /* YearPicker.swift */,
				2DF73E192C45EA3200EE1632 /* PTCGLeagueManagerApp.swift */,
				2DF73E1B2C45EA3200EE1632 /* ContentView.swift */,
				2D5CC4E52C61C71F00AD81D0 /* Utilities.swift */,
				2D5CC4E32C5D8EB400AD81D0 /* AttendaceFormView.swift */,
				2D5CC4E12C5D84ED00AD81D0 /* EditPlayerFormView.swift */,
				2D5CC4DF2C5D84A800AD81D0 /* PlayerDetailView.swift */,
				2D5CC4DD2C5D847C00AD81D0 /* AddPlayerFormView.swift */,
				2D07AD362C66A35A0000EF7E /* GroupView.swift */,
				2DF73E1D2C45EA3300EE1632 /* Assets.xcassets */,
				2DF73E1F2C45EA3300EE1632 /* Preview Content */,
			);
			path = PTCGLeagueManager;
			sourceTree = "<group>";
		};
		2DF73E1F2C45EA3300EE1632 /* Preview Content */ = {
			isa = PBXGroup;
			children = (
				2DF73E202C45EA3300EE1632 /* Preview Assets.xcassets */,
			);
			path = "Preview Content";
			sourceTree = "<group>";
		};
/* End PBXGroup section */

/* Begin PBXNativeTarget section */
		2DF73E152C45EA3200EE1632 /* PTCGLeagueManager */ = {
			isa = PBXNativeTarget;
			buildConfigurationList = 2DF73E242C45EA3300EE1632 /* Build configuration list for PBXNativeTarget "PTCGLeagueManager" */;
			buildPhases = (
				2DF73E122C45EA3200EE1632 /* Sources */,
				2DF73E132C45EA3200EE1632 /* Frameworks */,
				2DF73E142C45EA3200EE1632 /* Resources */,
			);
			buildRules = (
			);
			dependencies = (
			);
			name = PTCGLeagueManager;
			productName = PTCGLeagueManager;
			productReference = 2DF73E162C45EA3200EE1632 /* PTCGLeagueManager.app */;
			productType = "com.apple.product-type.application";
		};
/* End PBXNativeTarget section */

/* Begin PBXProject section */
		2DF73E0E2C45EA3200EE1632 /* Project object */ = {
			isa = PBXProject;
			attributes = {
				BuildIndependentTargetsInParallel = 1;
				LastSwiftUpdateCheck = 1540;
				LastUpgradeCheck = 1540;
				TargetAttributes = {
					2DF73E152C45EA3200EE1632 = {
						CreatedOnToolsVersion = 15.4;
					};
				};
			};
			buildConfigurationList = 2DF73E112C45EA3200EE1632 /* Build configuration list for PBXProject "PTCGLeagueManager" */;
			compatibilityVersion = "Xcode 14.0";
			developmentRegion = en;
			hasScannedForEncodings = 0;
			knownRegions = (
				en,
				Base,
			);
			mainGroup = 2DF73E0D2C45EA3200EE1632;
			productRefGroup = 2DF73E172C45EA3200EE1632 /* Products */;
			projectDirPath = "";
			projectRoot = "";
			targets = (
				2DF73E152C45EA3200EE1632 /* PTCGLeagueManager */,
			);
		};
/* End PBXProject section */

/* Begin PBXResourcesBuildPhase section */
		2DF73E142C45EA3200EE1632 /* Resources */ = {
			isa = PBXResourcesBuildPhase;
			buildActionMask = 2147483647;
			files = (
				2DF73E212C45EA3300EE1632 /* Preview Assets.xcassets in Resources */,
				2DF73E1E2C45EA3300EE1632 /* Assets.xcassets in Resources */,
			);
			runOnlyForDeploymentPostprocessing = 0;
		};
/* End PBXResourcesBuildPhase section */

/* Begin PBXSourcesBuildPhase section */
		2DF73E122C45EA3200EE1632 /* Sources */ = {
			isa = PBXSourcesBuildPhase;
			buildActionMask = 2147483647;
			files = (
				2D07AD392C6BBD430000EF7E /* YearPicker.swift in Sources */,
				2D5CC4E02C5D84A800AD81D0 /* PlayerDetailView.swift in Sources */,
				2D5CC4E22C5D84ED00AD81D0 /* EditPlayerFormView.swift in Sources */,
				2D07AD372C66A35A0000EF7E /* GroupView.swift in Sources */,
				2D058F702C6FF1BD00A3F293 /* FileImporterView.swift in Sources */,
				2D5CC4E62C61C71F00AD81D0 /* Utilities.swift in Sources */,
				2D5CC4E42C5D8EB400AD81D0 /* AttendaceFormView.swift in Sources */,
				2D5CC4DE2C5D847C00AD81D0 /* AddPlayerFormView.swift in Sources */,
				2DF73E1C2C45EA3200EE1632 /* ContentView.swift in Sources */,
				2DF73E1A2C45EA3200EE1632 /* PTCGLeagueManagerApp.swift in Sources */,
			);
			runOnlyForDeploymentPostprocessing = 0;
		};
/* End PBXSourcesBuildPhase section */

/* Begin XCBuildConfiguration section */
		2DF73E222C45EA3300EE1632 /* Debug */ = {
			isa = XCBuildConfiguration;
			buildSettings = {
				ALWAYS_SEARCH_USER_PATHS = NO;
				ASSETCATALOG_COMPILER_GENERATE_SWIFT_ASSET_SYMBOL_EXTENSIONS = YES;
				CLANG_ANALYZER_NONNULL = YES;
				CLANG_ANALYZER_NUMBER_OBJECT_CONVERSION = YES_AGGRESSIVE;
				CLANG_CXX_LANGUAGE_STANDARD = "gnu++20";
				CLANG_ENABLE_MODULES = YES;
				CLANG_ENABLE_OBJC_ARC = YES;
				CLANG_ENABLE_OBJC_WEAK = YES;
				CLANG_WARN_BLOCK_CAPTURE_AUTORELEASING = YES;
				CLANG_WARN_BOOL_CONVERSION = YES;
				CLANG_WARN_COMMA = YES;
				CLANG_WARN_CONSTANT_CONVERSION = YES;
				CLANG_WARN_DEPRECATED_OBJC_IMPLEMENTATIONS = YES;
				CLANG_WARN_DIRECT_OBJC_ISA_USAGE = YES_ERROR;
				CLANG_WARN_DOCUMENTATION_COMMENTS = YES;
				CLANG_WARN_EMPTY_BODY = YES;
				CLANG_WARN_ENUM_CONVERSION = YES;
				CLANG_WARN_INFINITE_RECURSION = YES;
				CLANG_WARN_INT_CONVERSION = YES;
				CLANG_WARN_NON_LITERAL_NULL_CONVERSION = YES;
				CLANG_WARN_OBJC_IMPLICIT_RETAIN_SELF = YES;
				CLANG_WARN_OBJC_LITERAL_CONVERSION = YES;
				CLANG_WARN_OBJC_ROOT_CLASS = YES_ERROR;
				CLANG_WARN_QUOTED_INCLUDE_IN_FRAMEWORK_HEADER = YES;
				CLANG_WARN_RANGE_LOOP_ANALYSIS = YES;
				CLANG_WARN_STRICT_PROTOTYPES = YES;
				CLANG_WARN_SUSPICIOUS_MOVE = YES;
				CLANG_WARN_UNGUARDED_AVAILABILITY = YES_AGGRESSIVE;
				CLANG_WARN_UNREACHABLE_CODE = YES;
				CLANG_WARN__DUPLICATE_METHOD_MATCH = YES;
				COPY_PHASE_STRIP = NO;
				DEBUG_INFORMATION_FORMAT = dwarf;
				ENABLE_STRICT_OBJC_MSGSEND = YES;
				ENABLE_TESTABILITY = YES;
				ENABLE_USER_SCRIPT_SANDBOXING = YES;
				GCC_C_LANGUAGE_STANDARD = gnu17;
				GCC_DYNAMIC_NO_PIC = NO;
				GCC_NO_COMMON_BLOCKS = YES;
				GCC_OPTIMIZATION_LEVEL = 0;
				GCC_PREPROCESSOR_DEFINITIONS = (
					"DEBUG=1",
					"$(inherited)",
				);
				GCC_WARN_64_TO_32_BIT_CONVERSION = YES;
				GCC_WARN_ABOUT_RETURN_TYPE = YES_ERROR;
				GCC_WARN_UNDECLARED_SELECTOR = YES;
				GCC_WARN_UNINITIALIZED_AUTOS = YES_AGGRESSIVE;
				GCC_WARN_UNUSED_FUNCTION = YES;
				GCC_WARN_UNUSED_VARIABLE = YES;
				IPHONEOS_DEPLOYMENT_TARGET = 17.5;
				LOCALIZATION_PREFERS_STRING_CATALOGS = YES;
				MTL_ENABLE_DEBUG_INFO = INCLUDE_SOURCE;
				MTL_FAST_MATH = YES;
				ONLY_ACTIVE_ARCH = YES;
				SDKROOT = iphoneos;
				SWIFT_ACTIVE_COMPILATION_CONDITIONS = "DEBUG $(inherited)";
				SWIFT_OPTIMIZATION_LEVEL = "-Onone";
			};
			name = Debug;
		};
		2DF73E232C45EA3300EE1632 /* Release */ = {
			isa = XCBuildConfiguration;
			buildSettings = {
				ALWAYS_SEARCH_USER_PATHS = NO;
				ASSETCATALOG_COMPILER_GENERATE_SWIFT_ASSET_SYMBOL_EXTENSIONS = YES;
				CLANG_ANALYZER_NONNULL = YES;
				CLANG_ANALYZER_NUMBER_OBJECT_CONVERSION = YES_AGGRESSIVE;
				CLANG_CXX_LANGUAGE_STANDARD = "gnu++20";
				CLANG_ENABLE_MODULES = YES;
				CLANG_ENABLE_OBJC_ARC = YES;
				CLANG_ENABLE_OBJC_WEAK = YES;
				CLANG_WARN_BLOCK_CAPTURE_AUTORELEASING = YES;
				CLANG_WARN_BOOL_CONVERSION = YES;
				CLANG_WARN_COMMA = YES;
				CLANG_WARN_CONSTANT_CONVERSION = YES;
				CLANG_WARN_DEPRECATED_OBJC_IMPLEMENTATIONS = YES;
				CLANG_WARN_DIRECT_OBJC_ISA_USAGE = YES_ERROR;
				CLANG_WARN_DOCUMENTATION_COMMENTS = YES;
				CLANG_WARN_EMPTY_BODY = YES;
				CLANG_WARN_ENUM_CONVERSION = YES;
				CLANG_WARN_INFINITE_RECURSION = YES;
				CLANG_WARN_INT_CONVERSION = YES;
				CLANG_WARN_NON_LITERAL_NULL_CONVERSION = YES;
				CLANG_WARN_OBJC_IMPLICIT_RETAIN_SELF = YES;
				CLANG_WARN_OBJC_LITERAL_CONVERSION = YES;
				CLANG_WARN_OBJC_ROOT_CLASS = YES_ERROR;
				CLANG_WARN_QUOTED_INCLUDE_IN_FRAMEWORK_HEADER = YES;
				CLANG_WARN_RANGE_LOOP_ANALYSIS = YES;
				CLANG_WARN_STRICT_PROTOTYPES = YES;
				CLANG_WARN_SUSPICIOUS_MOVE = YES;
				CLANG_WARN_UNGUARDED_AVAILABILITY = YES_AGGRESSIVE;
				CLANG_WARN_UNREACHABLE_CODE = YES;
				CLANG_WARN__DUPLICATE_METHOD_MATCH = YES;
				COPY_PHASE_STRIP = NO;
				DEBUG_INFORMATION_FORMAT = "dwarf-with-dsym";
				ENABLE_NS_ASSERTIONS = NO;
				ENABLE_STRICT_OBJC_MSGSEND = YES;
				ENABLE_USER_SCRIPT_SANDBOXING = YES;
				GCC_C_LANGUAGE_STANDARD = gnu17;
				GCC_NO_COMMON_BLOCKS = YES;
				GCC_WARN_64_TO_32_BIT_CONVERSION = YES;
				GCC_WARN_ABOUT_RETURN_TYPE = YES_ERROR;
				GCC_WARN_UNDECLARED_SELECTOR = YES;
				GCC_WARN_UNINITIALIZED_AUTOS = YES_AGGRESSIVE;
				GCC_WARN_UNUSED_FUNCTION = YES;
				GCC_WARN_UNUSED_VARIABLE = YES;
				IPHONEOS_DEPLOYMENT_TARGET = 17.5;
				LOCALIZATION_PREFERS_STRING_CATALOGS = YES;
				MTL_ENABLE_DEBUG_INFO = NO;
				MTL_FAST_MATH = YES;
				SDKROOT = iphoneos;
				SWIFT_COMPILATION_MODE = wholemodule;
				VALIDATE_PRODUCT = YES;
			};
			name = Release;
		};
		2DF73E252C45EA3300EE1632 /* Debug */ = {
			isa = XCBuildConfiguration;
			buildSettings = {
				ASSETCATALOG_COMPILER_APPICON_NAME = AppIcon;
				ASSETCATALOG_COMPILER_GLOBAL_ACCENT_COLOR_NAME = AccentColor;
				CODE_SIGN_STYLE = Automatic;
				CURRENT_PROJECT_VERSION = 1;
				DEVELOPMENT_ASSET_PATHS = "\"PTCGLeagueManager/Preview Content\"";
				DEVELOPMENT_TEAM = 4DTM536V94;
				ENABLE_PREVIEWS = YES;
				GENERATE_INFOPLIST_FILE = YES;
				INFOPLIST_KEY_UIApplicationSceneManifest_Generation = YES;
				INFOPLIST_KEY_UIApplicationSupportsIndirectInputEvents = YES;
				INFOPLIST_KEY_UILaunchScreen_Generation = YES;
				INFOPLIST_KEY_UISupportedInterfaceOrientations_iPad = "UIInterfaceOrientationPortrait UIInterfaceOrientationPortraitUpsideDown UIInterfaceOrientationLandscapeLeft UIInterfaceOrientationLandscapeRight";
				INFOPLIST_KEY_UISupportedInterfaceOrientations_iPhone = "UIInterfaceOrientationPortrait UIInterfaceOrientationLandscapeLeft UIInterfaceOrientationLandscapeRight";
				LD_RUNPATH_SEARCH_PATHS = (
					"$(inherited)",
					"@executable_path/Frameworks",
				);
				MARKETING_VERSION = 1.0;
				PRODUCT_BUNDLE_IDENTIFIER = MichaelParker.PTCGLeagueManager;
				PRODUCT_NAME = "$(TARGET_NAME)";
				SWIFT_EMIT_LOC_STRINGS = YES;
				SWIFT_VERSION = 5.0;
				TARGETED_DEVICE_FAMILY = "1,2";
			};
			name = Debug;
		};
		2DF73E262C45EA3300EE1632 /* Release */ = {
			isa = XCBuildConfiguration;
			buildSettings = {
				ASSETCATALOG_COMPILER_APPICON_NAME = AppIcon;
				ASSETCATALOG_COMPILER_GLOBAL_ACCENT_COLOR_NAME = AccentColor;
				CODE_SIGN_STYLE = Automatic;
				CURRENT_PROJECT_VERSION = 1;
				DEVELOPMENT_ASSET_PATHS = "\"PTCGLeagueManager/Preview Content\"";
				DEVELOPMENT_TEAM = 4DTM536V94;
				ENABLE_PREVIEWS = YES;
				GENERATE_INFOPLIST_FILE = YES;
				INFOPLIST_KEY_UIApplicationSceneManifest_Generation = YES;
				INFOPLIST_KEY_UIApplicationSupportsIndirectInputEvents = YES;
				INFOPLIST_KEY_UILaunchScreen_Generation = YES;
				INFOPLIST_KEY_UISupportedInterfaceOrientations_iPad = "UIInterfaceOrientationPortrait UIInterfaceOrientationPortraitUpsideDown UIInterfaceOrientationLandscapeLeft UIInterfaceOrientationLandscapeRight";
				INFOPLIST_KEY_UISupportedInterfaceOrientations_iPhone = "UIInterfaceOrientationPortrait UIInterfaceOrientationLandscapeLeft UIInterfaceOrientationLandscapeRight";
				LD_RUNPATH_SEARCH_PATHS = (
					"$(inherited)",
					"@executable_path/Frameworks",
				);
				MARKETING_VERSION = 1.0;
				PRODUCT_BUNDLE_IDENTIFIER = MichaelParker.PTCGLeagueManager;
				PRODUCT_NAME = "$(TARGET_NAME)";
				SWIFT_EMIT_LOC_STRINGS = YES;
				SWIFT_VERSION = 5.0;
				TARGETED_DEVICE_FAMILY = "1,2";
			};
			name = Release;
		};
/* End XCBuildConfiguration section */

/* Begin XCConfigurationList section */
		2DF73E112C45EA3200EE1632 /* Build configuration list for PBXProject "PTCGLeagueManager" */ = {
			isa = XCConfigurationList;
			buildConfigurations = (
				2DF73E222C45EA3300EE1632 /* Debug */,
				2DF73E232C45EA3300EE1632 /* Release */,
			);
			defaultConfigurationIsVisible = 0;
			defaultConfigurationName = Release;
		};
		2DF73E242C45EA3300EE1632 /* Build configuration list for PBXNativeTarget "PTCGLeagueManager" */ = {
			isa = XCConfigurationList;
			buildConfigurations = (
				2DF73E252C45EA3300EE1632 /* Debug */,
				2DF73E262C45EA3300EE1632 /* Release */,
			);
			defaultConfigurationIsVisible = 0;
			defaultConfigurationName = Release;
		};
/* End XCConfigurationList section */
	};
	rootObject = 2DF73E0E2C45EA3200EE1632 /* Project object */;
}
